
Microsoft Visual Studio Solution File, Format Version 12.00
# Visual Studio Version 17
VisualStudioVersion = 17.3.32819.101
MinimumVisualStudioVersion = 10.0.40219.1
Project("{FAE04EC0-301F-11D3-BF4B-00C04F79EFBC}") = "Uppgift 3.14 v2", "Uppgift 3.14 v2\Uppgift 3.14 v2.csproj", "{9BF74AD3-0E2A-4B05-AEFA-CF8FB43E9927}"
EndProject
Global
	GlobalSection(SolutionConfigurationPlatforms) = preSolution
		Debug|Any CPU = Debug|Any CPU
		Release|Any CPU = Release|Any CPU
	EndGlobalSection
	GlobalSection(ProjectConfigurationPlatforms) = postSolution
		{9BF74AD3-0E2A-4B05-AEFA-CF8FB43E9927}.Debug|Any CPU.ActiveCfg = Debug|Any CPU
		{9BF74AD3-0E2A-4B05-AEFA-CF8FB43E9927}.Debug|Any CPU.Build.0 = Debug|Any CPU
		{9BF74AD3-0E2A-4B05-AEFA-CF8FB43E9927}.Release|Any CPU.ActiveCfg = Release|Any CPU
		{9BF74AD3-0E2A-4B05-AEFA-CF8FB43E9927}.Release|Any CPU.Build.0 = Release|Any CPU
	EndGlobalSection
	GlobalSection(SolutionProperties) = preSolution
		HideSolutionNode = FALSE
	EndGlobalSection
	GlobalSection(ExtensibilityGlobals) = postSolution
		SolutionGuid = {1EEC1050-63BF-4024-8CB2-886C0FD45B38}
	EndGlobalSection
EndGlobal
